
Microsoft Visual Studio Solution File, Format Version 12.00
# Visual Studio Version 17
VisualStudioVersion = 17.14.36414.22
MinimumVisualStudioVersion = 10.0.40219.1
Project("{FAE04EC0-301F-11D3-BF4B-00C04F79EFBC}") = "Tyuiu.KugaevskijSD.Sprint0", "Tyuiu.KugaevskijSD.Sprint0\Tyuiu.KugaevskijSD.Sprint0.csproj", "{45C64E99-C979-4AE1-8452-BE663E4A8F38}"
EndProject
Project("{2150E333-8FDC-42A3-9474-1A3956D46DE8}") = "Task1", "Task1", "{02EA681E-C7D8-13C7-8484-4AC65E1B71E8}"
EndProject
Project("{FAE04EC0-301F-11D3-BF4B-00C04F79EFBC}") = "Tyuiu.KugaevskijSD.Sprint0.Task1.V0", "Tyuiu.KugaevskijSD.Sprint0.Task1.V0\Tyuiu.KugaevskijSD.Sprint0.Task1.V0.csproj", "{E5A40D41-EA7A-43A5-B4E6-B064846C7D36}"
EndProject
Project("{2150E333-8FDC-42A3-9474-1A3956D46DE8}") = "Task2", "Task2", "{53B11C2A-C639-4853-B8BC-DA1A830A0A72}"
EndProject
Project("{FAE04EC0-301F-11D3-BF4B-00C04F79EFBC}") = "Tyuiu.KugaevskijSD.Sprint0.Task2.V0", "Tyuiu.KugaevskijSD.Sprint0.Task2.V0\Tyuiu.KugaevskijSD.Sprint0.Task2.V0.csproj", "{2DD3B56C-7AE6-4F70-9B42-38452C40B1BF}"
EndProject
Project("{FAE04EC0-301F-11D3-BF4B-00C04F79EFBC}") = "Tyuiu.KugaevskijSD.Sprint0.Task2.V0.Lib", "Tyuiu.KugaevskijSD.Sprint0.Task2.V0.Lib\Tyuiu.KugaevskijSD.Sprint0.Task2.V0.Lib.csproj", "{841F257B-7EF4-477E-8AB2-D687DA627211}"
EndProject
Project("{FAE04EC0-301F-11D3-BF4B-00C04F79EFBC}") = "Tyuiu.KugaevskijSD.Sprint0.Task2.V0.Test", "Tyuiu.KugaevskijSD.Sprint0.Task2.V0.Test\Tyuiu.KugaevskijSD.Sprint0.Task2.V0.Test.csproj", "{3C3F496C-72CE-4C7D-8238-E8EA35B6EECE}"
EndProject
Project("{2150E333-8FDC-42A3-9474-1A3956D46DE8}") = "Task3", "Task3", "{16FCF0FC-DC47-4079-90CD-F1BAD513301A}"
EndProject
Project("{FAE04EC0-301F-11D3-BF4B-00C04F79EFBC}") = "Tyuiu.KugaevskijSD.Sprint0.Task3.V0", "Tyuiu.KugaevskijSD.Sprint0.Task3.V0\Tyuiu.KugaevskijSD.Sprint0.Task3.V0.csproj", "{8EF06144-57A4-41E3-9C04-9B63F929A589}"
EndProject
Project("{FAE04EC0-301F-11D3-BF4B-00C04F79EFBC}") = "Tyuiu.KugaevskijSD.Sprint0.Task3.V0.Lib", "Tyuiu.KugaevskijSD.Sprint0.Task3.V0.Lib\Tyuiu.KugaevskijSD.Sprint0.Task3.V0.Lib.csproj", "{81029B59-2C10-4359-A214-F1ADE1F53D58}"
EndProject
Project("{FAE04EC0-301F-11D3-BF4B-00C04F79EFBC}") = "Tyuiu.KugaevskijSD.Sprint0.Task3.V0.Test", "Tyuiu.KugaevskijSD.Sprint0.Task3.V0.Test\Tyuiu.KugaevskijSD.Sprint0.Task3.V0.Test.csproj", "{88799EED-9CA5-498C-9077-27EC528F9EC1}"
EndProject
Project("{2150E333-8FDC-42A3-9474-1A3956D46DE8}") = "Task4", "Task4", "{10B7DFB5-48BD-4737-8A88-976BE1AD7F6C}"
EndProject
Project("{FAE04EC0-301F-11D3-BF4B-00C04F79EFBC}") = "Tyuiu.KugaevskijSD.Sprint0.Task4.V0", "Tyuiu.KugaevskijSD.Sprint0.Task4.V0\Tyuiu.KugaevskijSD.Sprint0.Task4.V0.csproj", "{F4634F62-A888-46BF-B4FB-F919622BB831}"
EndProject
Project("{FAE04EC0-301F-11D3-BF4B-00C04F79EFBC}") = "Tyuiu.KugaevskijSD.Sprint0.Task4.V0.Lib", "Tyuiu.KugaevskijSD.Sprint0.Task4.V0.Lib\Tyuiu.KugaevskijSD.Sprint0.Task4.V0.Lib.csproj", "{ADC51DFB-6BD4-4D6D-BD3F-964F1682C576}"
EndProject
Project("{FAE04EC0-301F-11D3-BF4B-00C04F79EFBC}") = "Tyuiu.KugaevskijSD.Sprint0.Task4.V0.Test", "Tyuiu.KugaevskijSD.Sprint0.Task4.V0.Test\Tyuiu.KugaevskijSD.Sprint0.Task4.V0.Test.csproj", "{C98991C0-3AC2-4CF3-BBE5-9CB3C06E8753}"
EndProject
Project("{2150E333-8FDC-42A3-9474-1A3956D46DE8}") = "Task5", "Task5", "{094DBC50-72B8-4E08-8392-93916D416F48}"
EndProject
Project("{FAE04EC0-301F-11D3-BF4B-00C04F79EFBC}") = "Tyuiu.KugaevskijSD.Sprint0.Task5.V0", "Tyuiu.KugaevskijSD.Sprint0.Task5.V0\Tyuiu.KugaevskijSD.Sprint0.Task5.V0.csproj", "{42966980-143D-498F-BB15-5DF0500229C3}"
EndProject
Project("{FAE04EC0-301F-11D3-BF4B-00C04F79EFBC}") = "Tyuiu.KugaevskijSD.Sprint0.Task5.V0.Lib", "Tyuiu.KugaevskijSD.Sprint0.Task5.V0.Lib\Tyuiu.KugaevskijSD.Sprint0.Task5.V0.Lib.csproj", "{C0E15A52-085B-4FB5-98D0-463952FE8018}"
EndProject
Project("{FAE04EC0-301F-11D3-BF4B-00C04F79EFBC}") = "Tyuiu.KugaevskijSD.Sprint0.Task5.V0.Test", "Tyuiu.KugaevskijSD.Sprint0.Task5.V0.Test\Tyuiu.KugaevskijSD.Sprint0.Task5.V0.Test.csproj", "{2F8F065F-6EEF-4C72-853E-62D3A300BD4C}"
EndProject
Project("{2150E333-8FDC-42A3-9474-1A3956D46DE8}") = "Task6", "Task6", "{CC102B08-3928-4E26-A38A-2F4513AEE297}"
EndProject
Project("{FAE04EC0-301F-11D3-BF4B-00C04F79EFBC}") = "Tyuiu.KugaevskijSD.Sprint0.Task6.V0", "Tyuiu.KugaevskijSD.Sprint0.Task6.V0\Tyuiu.KugaevskijSD.Sprint0.Task6.V0.csproj", "{14C1BB23-3B4E-40DF-9E16-2DE13B088519}"
EndProject
Project("{FAE04EC0-301F-11D3-BF4B-00C04F79EFBC}") = "Tyuiu.KugaevskijSD.Sprint0.Task6.V0.Lib", "Tyuiu.KugaevskijSD.Sprint0.Task6.V0.Lib\Tyuiu.KugaevskijSD.Sprint0.Task6.V0.Lib.csproj", "{754266FB-AA88-4A29-9AC7-D5E4807A58B8}"
EndProject
Project("{FAE04EC0-301F-11D3-BF4B-00C04F79EFBC}") = "Tyuiu.KugaevskijSD.Sprint0.Task6.V0.Test", "Tyuiu.KugaevskijSD.Sprint0.Task6.V0.Test\Tyuiu.KugaevskijSD.Sprint0.Task6.V0.Test.csproj", "{E46A23F3-4AA5-40C3-AD34-0CE8E2F3554C}"
EndProject
Project("{2150E333-8FDC-42A3-9474-1A3956D46DE8}") = "Task7", "Task7", "{0F6ED9DB-E1C3-4147-ACD6-6F591DD5AC78}"
EndProject
Project("{FAE04EC0-301F-11D3-BF4B-00C04F79EFBC}") = "Tyuiu.KugaevskijSD.Sprint0.Task7.V0", "Tyuiu.KugaevskijSD.Sprint0.Task7.V0\Tyuiu.KugaevskijSD.Sprint0.Task7.V0.csproj", "{9A637C6E-4B28-48CE-B83C-94C8663D8025}"
EndProject
Project("{FAE04EC0-301F-11D3-BF4B-00C04F79EFBC}") = "Tyuiu.KugaevskijSD.Sprint0.Task7.V0.Lib", "Tyuiu.KugaevskijSD.Sprint0.Task7.V0.Lib\Tyuiu.KugaevskijSD.Sprint0.Task7.V0.Lib.csproj", "{CCCE3FF2-910A-46F1-929F-8C0F4970025D}"
EndProject
Project("{FAE04EC0-301F-11D3-BF4B-00C04F79EFBC}") = "Tyuiu.KugaevskijSD.Sprint0.Task7.V0.Test", "Tyuiu.KugaevskijSD.Sprint0.Task7.V0.Test\Tyuiu.KugaevskijSD.Sprint0.Task7.V0.Test.csproj", "{4B396553-DC7A-4323-9970-E4F5579795C3}"
EndProject
Global
	GlobalSection(SolutionConfigurationPlatforms) = preSolution
		Debug|Any CPU = Debug|Any CPU
		Release|Any CPU = Release|Any CPU
	EndGlobalSection
	GlobalSection(ProjectConfigurationPlatforms) = postSolution
		{45C64E99-C979-4AE1-8452-BE663E4A8F38}.Debug|Any CPU.ActiveCfg = Debug|Any CPU
		{45C64E99-C979-4AE1-8452-BE663E4A8F38}.Debug|Any CPU.Build.0 = Debug|Any CPU
		{45C64E99-C979-4AE1-8452-BE663E4A8F38}.Release|Any CPU.ActiveCfg = Release|Any CPU
		{45C64E99-C979-4AE1-8452-BE663E4A8F38}.Release|Any CPU.Build.0 = Release|Any CPU
		{E5A40D41-EA7A-43A5-B4E6-B064846C7D36}.Debug|Any CPU.ActiveCfg = Debug|Any CPU
		{E5A40D41-EA7A-43A5-B4E6-B064846C7D36}.Debug|Any CPU.Build.0 = Debug|Any CPU
		{E5A40D41-EA7A-43A5-B4E6-B064846C7D36}.Release|Any CPU.ActiveCfg = Release|Any CPU
		{E5A40D41-EA7A-43A5-B4E6-B064846C7D36}.Release|Any CPU.Build.0 = Release|Any CPU
		{2DD3B56C-7AE6-4F70-9B42-38452C40B1BF}.Debug|Any CPU.ActiveCfg = Debug|Any CPU
		{2DD3B56C-7AE6-4F70-9B42-38452C40B1BF}.Debug|Any CPU.Build.0 = Debug|Any CPU
		{2DD3B56C-7AE6-4F70-9B42-38452C40B1BF}.Release|Any CPU.ActiveCfg = Release|Any CPU
		{2DD3B56C-7AE6-4F70-9B42-38452C40B1BF}.Release|Any CPU.Build.0 = Release|Any CPU
		{841F257B-7EF4-477E-8AB2-D687DA627211}.Debug|Any CPU.ActiveCfg = Debug|Any CPU
		{841F257B-7EF4-477E-8AB2-D687DA627211}.Debug|Any CPU.Build.0 = Debug|Any CPU
		{841F257B-7EF4-477E-8AB2-D687DA627211}.Release|Any CPU.ActiveCfg = Release|Any CPU
		{841F257B-7EF4-477E-8AB2-D687DA627211}.Release|Any CPU.Build.0 = Release|Any CPU
		{3C3F496C-72CE-4C7D-8238-E8EA35B6EECE}.Debug|Any CPU.ActiveCfg = Debug|Any CPU
		{3C3F496C-72CE-4C7D-8238-E8EA35B6EECE}.Debug|Any CPU.Build.0 = Debug|Any CPU
		{3C3F496C-72CE-4C7D-8238-E8EA35B6EECE}.Release|Any CPU.ActiveCfg = Release|Any CPU
		{3C3F496C-72CE-4C7D-8238-E8EA35B6EECE}.Release|Any CPU.Build.0 = Release|Any CPU
		{8EF06144-57A4-41E3-9C04-9B63F929A589}.Debug|Any CPU.ActiveCfg = Debug|Any CPU
		{8EF06144-57A4-41E3-9C04-9B63F929A589}.Debug|Any CPU.Build.0 = Debug|Any CPU
		{8EF06144-57A4-41E3-9C04-9B63F929A589}.Release|Any CPU.ActiveCfg = Release|Any CPU
		{8EF06144-57A4-41E3-9C04-9B63F929A589}.Release|Any CPU.Build.0 = Release|Any CPU
		{81029B59-2C10-4359-A214-F1ADE1F53D58}.Debug|Any CPU.ActiveCfg = Debug|Any CPU
		{81029B59-2C10-4359-A214-F1ADE1F53D58}.Debug|Any CPU.Build.0 = Debug|Any CPU
		{81029B59-2C10-4359-A214-F1ADE1F53D58}.Release|Any CPU.ActiveCfg = Release|Any CPU
		{81029B59-2C10-4359-A214-F1ADE1F53D58}.Release|Any CPU.Build.0 = Release|Any CPU
		{88799EED-9CA5-498C-9077-27EC528F9EC1}.Debug|Any CPU.ActiveCfg = Debug|Any CPU
		{88799EED-9CA5-498C-9077-27EC528F9EC1}.Debug|Any CPU.Build.0 = Debug|Any CPU
		{88799EED-9CA5-498C-9077-27EC528F9EC1}.Release|Any CPU.ActiveCfg = Release|Any CPU
		{88799EED-9CA5-498C-9077-27EC528F9EC1}.Release|Any CPU.Build.0 = Release|Any CPU
		{F4634F62-A888-46BF-B4FB-F919622BB831}.Debug|Any CPU.ActiveCfg = Debug|Any CPU
		{F4634F62-A888-46BF-B4FB-F919622BB831}.Debug|Any CPU.Build.0 = Debug|Any CPU
		{F4634F62-A888-46BF-B4FB-F919622BB831}.Release|Any CPU.ActiveCfg = Release|Any CPU
		{F4634F62-A888-46BF-B4FB-F919622BB831}.Release|Any CPU.Build.0 = Release|Any CPU
		{ADC51DFB-6BD4-4D6D-BD3F-964F1682C576}.Debug|Any CPU.ActiveCfg = Debug|Any CPU
		{ADC51DFB-6BD4-4D6D-BD3F-964F1682C576}.Debug|Any CPU.Build.0 = Debug|Any CPU
		{ADC51DFB-6BD4-4D6D-BD3F-964F1682C576}.Release|Any CPU.ActiveCfg = Release|Any CPU
		{ADC51DFB-6BD4-4D6D-BD3F-964F1682C576}.Release|Any CPU.Build.0 = Release|Any CPU
		{C98991C0-3AC2-4CF3-BBE5-9CB3C06E8753}.Debug|Any CPU.ActiveCfg = Debug|Any CPU
		{C98991C0-3AC2-4CF3-BBE5-9CB3C06E8753}.Debug|Any CPU.Build.0 = Debug|Any CPU
		{C98991C0-3AC2-4CF3-BBE5-9CB3C06E8753}.Release|Any CPU.ActiveCfg = Release|Any CPU
		{C98991C0-3AC2-4CF3-BBE5-9CB3C06E8753}.Release|Any CPU.Build.0 = Release|Any CPU
		{42966980-143D-498F-BB15-5DF0500229C3}.Debug|Any CPU.ActiveCfg = Debug|Any CPU
		{42966980-143D-498F-BB15-5DF0500229C3}.Debug|Any CPU.Build.0 = Debug|Any CPU
		{42966980-143D-498F-BB15-5DF0500229C3}.Release|Any CPU.ActiveCfg = Release|Any CPU
		{42966980-143D-498F-BB15-5DF0500229C3}.Release|Any CPU.Build.0 = Release|Any CPU
		{C0E15A52-085B-4FB5-98D0-463952FE8018}.Debug|Any CPU.ActiveCfg = Debug|Any CPU
		{C0E15A52-085B-4FB5-98D0-463952FE8018}.Debug|Any CPU.Build.0 = Debug|Any CPU
		{C0E15A52-085B-4FB5-98D0-463952FE8018}.Release|Any CPU.ActiveCfg = Release|Any CPU
		{C0E15A52-085B-4FB5-98D0-463952FE8018}.Release|Any CPU.Build.0 = Release|Any CPU
		{2F8F065F-6EEF-4C72-853E-62D3A300BD4C}.Debug|Any CPU.ActiveCfg = Debug|Any CPU
		{2F8F065F-6EEF-4C72-853E-62D3A300BD4C}.Debug|Any CPU.Build.0 = Debug|Any CPU
		{2F8F065F-6EEF-4C72-853E-62D3A300BD4C}.Release|Any CPU.ActiveCfg = Release|Any CPU
		{2F8F065F-6EEF-4C72-853E-62D3A300BD4C}.Release|Any CPU.Build.0 = Release|Any CPU
		{14C1BB23-3B4E-40DF-9E16-2DE13B088519}.Debug|Any CPU.ActiveCfg = Debug|Any CPU
		{14C1BB23-3B4E-40DF-9E16-2DE13B088519}.Debug|Any CPU.Build.0 = Debug|Any CPU
		{14C1BB23-3B4E-40DF-9E16-2DE13B088519}.Release|Any CPU.ActiveCfg = Release|Any CPU
		{14C1BB23-3B4E-40DF-9E16-2DE13B088519}.Release|Any CPU.Build.0 = Release|Any CPU
		{754266FB-AA88-4A29-9AC7-D5E4807A58B8}.Debug|Any CPU.ActiveCfg = Debug|Any CPU
		{754266FB-AA88-4A29-9AC7-D5E4807A58B8}.Debug|Any CPU.Build.0 = Debug|Any CPU
		{754266FB-AA88-4A29-9AC7-D5E4807A58B8}.Release|Any CPU.ActiveCfg = Release|Any CPU
		{754266FB-AA88-4A29-9AC7-D5E4807A58B8}.Release|Any CPU.Build.0 = Release|Any CPU
		{E46A23F3-4AA5-40C3-AD34-0CE8E2F3554C}.Debug|Any CPU.ActiveCfg = Debug|Any CPU
		{E46A23F3-4AA5-40C3-AD34-0CE8E2F3554C}.Debug|Any CPU.Build.0 = Debug|Any CPU
		{E46A23F3-4AA5-40C3-AD34-0CE8E2F3554C}.Release|Any CPU.ActiveCfg = Release|Any CPU
		{E46A23F3-4AA5-40C3-AD34-0CE8E2F3554C}.Release|Any CPU.Build.0 = Release|Any CPU
		{9A637C6E-4B28-48CE-B83C-94C8663D8025}.Debug|Any CPU.ActiveCfg = Debug|Any CPU
		{9A637C6E-4B28-48CE-B83C-94C8663D8025}.Debug|Any CPU.Build.0 = Debug|Any CPU
		{9A637C6E-4B28-48CE-B83C-94C8663D8025}.Release|Any CPU.ActiveCfg = Release|Any CPU
		{9A637C6E-4B28-48CE-B83C-94C8663D8025}.Release|Any CPU.Build.0 = Release|Any CPU
		{CCCE3FF2-910A-46F1-929F-8C0F4970025D}.Debug|Any CPU.ActiveCfg = Debug|Any CPU
		{CCCE3FF2-910A-46F1-929F-8C0F4970025D}.Debug|Any CPU.Build.0 = Debug|Any CPU
		{CCCE3FF2-910A-46F1-929F-8C0F4970025D}.Release|Any CPU.ActiveCfg = Release|Any CPU
		{CCCE3FF2-910A-46F1-929F-8C0F4970025D}.Release|Any CPU.Build.0 = Release|Any CPU
		{4B396553-DC7A-4323-9970-E4F5579795C3}.Debug|Any CPU.ActiveCfg = Debug|Any CPU
		{4B396553-DC7A-4323-9970-E4F5579795C3}.Debug|Any CPU.Build.0 = Debug|Any CPU
		{4B396553-DC7A-4323-9970-E4F5579795C3}.Release|Any CPU.ActiveCfg = Release|Any CPU
		{4B396553-DC7A-4323-9970-E4F5579795C3}.Release|Any CPU.Build.0 = Release|Any CPU
	EndGlobalSection
	GlobalSection(SolutionProperties) = preSolution
		HideSolutionNode = FALSE
	EndGlobalSection
	GlobalSection(NestedProjects) = preSolution
		{E5A40D41-EA7A-43A5-B4E6-B064846C7D36} = {02EA681E-C7D8-13C7-8484-4AC65E1B71E8}
		{2DD3B56C-7AE6-4F70-9B42-38452C40B1BF} = {53B11C2A-C639-4853-B8BC-DA1A830A0A72}
		{841F257B-7EF4-477E-8AB2-D687DA627211} = {53B11C2A-C639-4853-B8BC-DA1A830A0A72}
		{3C3F496C-72CE-4C7D-8238-E8EA35B6EECE} = {53B11C2A-C639-4853-B8BC-DA1A830A0A72}
		{8EF06144-57A4-41E3-9C04-9B63F929A589} = {16FCF0FC-DC47-4079-90CD-F1BAD513301A}
		{81029B59-2C10-4359-A214-F1ADE1F53D58} = {16FCF0FC-DC47-4079-90CD-F1BAD513301A}
		{88799EED-9CA5-498C-9077-27EC528F9EC1} = {16FCF0FC-DC47-4079-90CD-F1BAD513301A}
		{F4634F62-A888-46BF-B4FB-F919622BB831} = {10B7DFB5-48BD-4737-8A88-976BE1AD7F6C}
		{ADC51DFB-6BD4-4D6D-BD3F-964F1682C576} = {10B7DFB5-48BD-4737-8A88-976BE1AD7F6C}
		{C98991C0-3AC2-4CF3-BBE5-9CB3C06E8753} = {10B7DFB5-48BD-4737-8A88-976BE1AD7F6C}
		{42966980-143D-498F-BB15-5DF0500229C3} = {094DBC50-72B8-4E08-8392-93916D416F48}
		{C0E15A52-085B-4FB5-98D0-463952FE8018} = {094DBC50-72B8-4E08-8392-93916D416F48}
		{2F8F065F-6EEF-4C72-853E-62D3A300BD4C} = {094DBC50-72B8-4E08-8392-93916D416F48}
		{14C1BB23-3B4E-40DF-9E16-2DE13B088519} = {CC102B08-3928-4E26-A38A-2F4513AEE297}
		{754266FB-AA88-4A29-9AC7-D5E4807A58B8} = {CC102B08-3928-4E26-A38A-2F4513AEE297}
		{E46A23F3-4AA5-40C3-AD34-0CE8E2F3554C} = {CC102B08-3928-4E26-A38A-2F4513AEE297}
		{9A637C6E-4B28-48CE-B83C-94C8663D8025} = {0F6ED9DB-E1C3-4147-ACD6-6F591DD5AC78}
		{CCCE3FF2-910A-46F1-929F-8C0F4970025D} = {0F6ED9DB-E1C3-4147-ACD6-6F591DD5AC78}
		{4B396553-DC7A-4323-9970-E4F5579795C3} = {0F6ED9DB-E1C3-4147-ACD6-6F591DD5AC78}
	EndGlobalSection
	GlobalSection(ExtensibilityGlobals) = postSolution
		SolutionGuid = {81A6BD3F-2674-48E3-8049-F8EA2A26D117}
	EndGlobalSection
EndGlobal
